
Microsoft Visual Studio Solution File, Format Version 12.00
# Visual Studio Version 16
VisualStudioVersion = 16.0.810.13
MinimumVisualStudioVersion = 10.0.40219.1
Project("{FAE04EC0-301F-11D3-BF4B-00C04F79EFBC}") = "FtMsngr.iOS", "FtMsngr.iOS\FtMsngr.iOS.csproj", "{669341A2-FB83-4863-97F4-7672FDC8A97C}"
EndProject
Project("{FAE04EC0-301F-11D3-BF4B-00C04F79EFBC}") = "FtMsngr", "FtMsngr\FtMsngr.csproj", "{AD9B1492-0809-443F-B5BC-B2448157C28D}"
EndProject
Global
	GlobalSection(SolutionConfigurationPlatforms) = preSolution
		Debug|iPhoneSimulator = Debug|iPhoneSimulator
		Release|iPhoneSimulator = Release|iPhoneSimulator
		Debug|iPhone = Debug|iPhone
		Release|iPhone = Release|iPhone
		Debug|Any CPU = Debug|Any CPU
		Release|Any CPU = Release|Any CPU
	EndGlobalSection
	GlobalSection(ProjectConfigurationPlatforms) = postSolution
		{669341A2-FB83-4863-97F4-7672FDC8A97C}.Debug|iPhoneSimulator.ActiveCfg = Debug|iPhoneSimulator
		{669341A2-FB83-4863-97F4-7672FDC8A97C}.Debug|iPhoneSimulator.Build.0 = Debug|iPhoneSimulator
		{669341A2-FB83-4863-97F4-7672FDC8A97C}.Release|iPhoneSimulator.ActiveCfg = Release|iPhoneSimulator
		{669341A2-FB83-4863-97F4-7672FDC8A97C}.Release|iPhoneSimulator.Build.0 = Release|iPhoneSimulator
		{669341A2-FB83-4863-97F4-7672FDC8A97C}.Debug|iPhone.ActiveCfg = Debug|iPhone
		{669341A2-FB83-4863-97F4-7672FDC8A97C}.Debug|iPhone.Build.0 = Debug|iPhone
		{669341A2-FB83-4863-97F4-7672FDC8A97C}.Release|iPhone.ActiveCfg = Release|iPhone
		{669341A2-FB83-4863-97F4-7672FDC8A97C}.Release|iPhone.Build.0 = Release|iPhone
		{669341A2-FB83-4863-97F4-7672FDC8A97C}.Debug|Any CPU.ActiveCfg = Debug|iPhoneSimulator
		{669341A2-FB83-4863-97F4-7672FDC8A97C}.Debug|Any CPU.Build.0 = Debug|iPhoneSimulator
		{669341A2-FB83-4863-97F4-7672FDC8A97C}.Release|Any CPU.ActiveCfg = Release|iPhoneSimulator
		{669341A2-FB83-4863-97F4-7672FDC8A97C}.Release|Any CPU.Build.0 = Release|iPhoneSimulator
		{AD9B1492-0809-443F-B5BC-B2448157C28D}.Debug|iPhoneSimulator.ActiveCfg = Debug|Any CPU
		{AD9B1492-0809-443F-B5BC-B2448157C28D}.Debug|iPhoneSimulator.Build.0 = Debug|Any CPU
		{AD9B1492-0809-443F-B5BC-B2448157C28D}.Release|iPhoneSimulator.ActiveCfg = Release|Any CPU
		{AD9B1492-0809-443F-B5BC-B2448157C28D}.Release|iPhoneSimulator.Build.0 = Release|Any CPU
		{AD9B1492-0809-443F-B5BC-B2448157C28D}.Debug|iPhone.ActiveCfg = Debug|Any CPU
		{AD9B1492-0809-443F-B5BC-B2448157C28D}.Debug|iPhone.Build.0 = Debug|Any CPU
		{AD9B1492-0809-443F-B5BC-B2448157C28D}.Release|iPhone.ActiveCfg = Release|Any CPU
		{AD9B1492-0809-443F-B5BC-B2448157C28D}.Release|iPhone.Build.0 = Release|Any CPU
		{AD9B1492-0809-443F-B5BC-B2448157C28D}.Debug|Any CPU.ActiveCfg = Debug|Any CPU
		{AD9B1492-0809-443F-B5BC-B2448157C28D}.Debug|Any CPU.Build.0 = Debug|Any CPU
		{AD9B1492-0809-443F-B5BC-B2448157C28D}.Release|Any CPU.ActiveCfg = Release|Any CPU
		{AD9B1492-0809-443F-B5BC-B2448157C28D}.Release|Any CPU.Build.0 = Release|Any CPU
	EndGlobalSection
	GlobalSection(SolutionProperties) = preSolution
		HideSolutionNode = FALSE
	EndGlobalSection
	GlobalSection(ExtensibilityGlobals) = postSolution
		SolutionGuid = {61AD9186-12F3-4FDE-ABD7-10A405C6D82F}
	EndGlobalSection
EndGlobal
